
Microsoft Visual Studio Solution File, Format Version 12.00
# Visual Studio 15
VisualStudioVersion = 15.0.27004.2010
MinimumVisualStudioVersion = 10.0.40219.1
Project("{FAE04EC0-301F-11D3-BF4B-00C04F79EFBC}") = "Common", "Common\Common.csproj", "{35DBA69A-BD62-49D6-A4DC-FD1DFC66E235}"
EndProject
Project("{FAE04EC0-301F-11D3-BF4B-00C04F79EFBC}") = "IMS.Desktop", "IMS.Desktop\IMS.Desktop.csproj", "{1D70420F-28DE-4B62-A538-69A2A61B98DA}"
EndProject
Project("{FAE04EC0-301F-11D3-BF4B-00C04F79EFBC}") = "IMS.Service", "IMS.Service\IMS.Service.csproj", "{3FC3935F-63B8-4585-9AF8-7C20D6940FCD}"
EndProject
Project("{FAE04EC0-301F-11D3-BF4B-00C04F79EFBC}") = "IMS.Data", "IMS.Data\IMS.Data.csproj", "{81316F99-BF65-4939-972E-2BB38FD762C2}"
EndProject
Project("{2150E333-8FDC-42A3-9474-1A3956D46DE8}") = "Tests", "Tests", "{54507E4C-4CFC-4AED-BC72-AAF1B9A1BFF7}"
EndProject
Project("{FAE04EC0-301F-11D3-BF4B-00C04F79EFBC}") = "IMS.Common.Tests", "IMS.Common.Tests\IMS.Common.Tests.csproj", "{8058097F-050B-48D0-BE99-87DEE1AD6D4D}"
EndProject
Project("{FAE04EC0-301F-11D3-BF4B-00C04F79EFBC}") = "IMS.Data.Tests", "IMS.Data.Tests\IMS.Data.Tests.csproj", "{791EB7D1-08B9-4ED7-BB57-E302E9B98788}"
EndProject
Project("{FAE04EC0-301F-11D3-BF4B-00C04F79EFBC}") = "IMS.Service.Tests", "IMS.Service.Tests\IMS.Service.Tests.csproj", "{08D07068-CEDF-439B-AD79-3F8D298B8144}"
EndProject
Project("{FAE04EC0-301F-11D3-BF4B-00C04F79EFBC}") = "IMS.Desktop.Tests", "IMS.Desktop.Tests\IMS.Desktop.Tests.csproj", "{0E4C8054-4532-4A40-9218-E2761D6ED352}"
EndProject
Global
	GlobalSection(SolutionConfigurationPlatforms) = preSolution
		Debug|Any CPU = Debug|Any CPU
		Release|Any CPU = Release|Any CPU
	EndGlobalSection
	GlobalSection(ProjectConfigurationPlatforms) = postSolution
		{35DBA69A-BD62-49D6-A4DC-FD1DFC66E235}.Debug|Any CPU.ActiveCfg = Debug|Any CPU
		{35DBA69A-BD62-49D6-A4DC-FD1DFC66E235}.Debug|Any CPU.Build.0 = Debug|Any CPU
		{35DBA69A-BD62-49D6-A4DC-FD1DFC66E235}.Release|Any CPU.ActiveCfg = Release|Any CPU
		{35DBA69A-BD62-49D6-A4DC-FD1DFC66E235}.Release|Any CPU.Build.0 = Release|Any CPU
		{1D70420F-28DE-4B62-A538-69A2A61B98DA}.Debug|Any CPU.ActiveCfg = Debug|Any CPU
		{1D70420F-28DE-4B62-A538-69A2A61B98DA}.Debug|Any CPU.Build.0 = Debug|Any CPU
		{1D70420F-28DE-4B62-A538-69A2A61B98DA}.Release|Any CPU.ActiveCfg = Release|Any CPU
		{1D70420F-28DE-4B62-A538-69A2A61B98DA}.Release|Any CPU.Build.0 = Release|Any CPU
		{3FC3935F-63B8-4585-9AF8-7C20D6940FCD}.Debug|Any CPU.ActiveCfg = Debug|Any CPU
		{3FC3935F-63B8-4585-9AF8-7C20D6940FCD}.Debug|Any CPU.Build.0 = Debug|Any CPU
		{3FC3935F-63B8-4585-9AF8-7C20D6940FCD}.Release|Any CPU.ActiveCfg = Release|Any CPU
		{3FC3935F-63B8-4585-9AF8-7C20D6940FCD}.Release|Any CPU.Build.0 = Release|Any CPU
		{81316F99-BF65-4939-972E-2BB38FD762C2}.Debug|Any CPU.ActiveCfg = Debug|Any CPU
		{81316F99-BF65-4939-972E-2BB38FD762C2}.Debug|Any CPU.Build.0 = Debug|Any CPU
		{81316F99-BF65-4939-972E-2BB38FD762C2}.Release|Any CPU.ActiveCfg = Release|Any CPU
		{81316F99-BF65-4939-972E-2BB38FD762C2}.Release|Any CPU.Build.0 = Release|Any CPU
		{8058097F-050B-48D0-BE99-87DEE1AD6D4D}.Debug|Any CPU.ActiveCfg = Debug|Any CPU
		{8058097F-050B-48D0-BE99-87DEE1AD6D4D}.Debug|Any CPU.Build.0 = Debug|Any CPU
		{8058097F-050B-48D0-BE99-87DEE1AD6D4D}.Release|Any CPU.ActiveCfg = Release|Any CPU
		{8058097F-050B-48D0-BE99-87DEE1AD6D4D}.Release|Any CPU.Build.0 = Release|Any CPU
		{791EB7D1-08B9-4ED7-BB57-E302E9B98788}.Debug|Any CPU.ActiveCfg = Debug|Any CPU
		{791EB7D1-08B9-4ED7-BB57-E302E9B98788}.Debug|Any CPU.Build.0 = Debug|Any CPU
		{791EB7D1-08B9-4ED7-BB57-E302E9B98788}.Release|Any CPU.ActiveCfg = Release|Any CPU
		{791EB7D1-08B9-4ED7-BB57-E302E9B98788}.Release|Any CPU.Build.0 = Release|Any CPU
		{08D07068-CEDF-439B-AD79-3F8D298B8144}.Debug|Any CPU.ActiveCfg = Debug|Any CPU
		{08D07068-CEDF-439B-AD79-3F8D298B8144}.Debug|Any CPU.Build.0 = Debug|Any CPU
		{08D07068-CEDF-439B-AD79-3F8D298B8144}.Release|Any CPU.ActiveCfg = Release|Any CPU
		{08D07068-CEDF-439B-AD79-3F8D298B8144}.Release|Any CPU.Build.0 = Release|Any CPU
		{0E4C8054-4532-4A40-9218-E2761D6ED352}.Debug|Any CPU.ActiveCfg = Debug|Any CPU
		{0E4C8054-4532-4A40-9218-E2761D6ED352}.Debug|Any CPU.Build.0 = Debug|Any CPU
		{0E4C8054-4532-4A40-9218-E2761D6ED352}.Release|Any CPU.ActiveCfg = Release|Any CPU
		{0E4C8054-4532-4A40-9218-E2761D6ED352}.Release|Any CPU.Build.0 = Release|Any CPU
	EndGlobalSection
	GlobalSection(SolutionProperties) = preSolution
		HideSolutionNode = FALSE
	EndGlobalSection
	GlobalSection(NestedProjects) = preSolution
		{8058097F-050B-48D0-BE99-87DEE1AD6D4D} = {54507E4C-4CFC-4AED-BC72-AAF1B9A1BFF7}
		{791EB7D1-08B9-4ED7-BB57-E302E9B98788} = {54507E4C-4CFC-4AED-BC72-AAF1B9A1BFF7}
		{08D07068-CEDF-439B-AD79-3F8D298B8144} = {54507E4C-4CFC-4AED-BC72-AAF1B9A1BFF7}
		{0E4C8054-4532-4A40-9218-E2761D6ED352} = {54507E4C-4CFC-4AED-BC72-AAF1B9A1BFF7}
	EndGlobalSection
	GlobalSection(ExtensibilityGlobals) = postSolution
		SolutionGuid = {EE63D0F5-17CE-4F0E-9199-DDFFC79756AC}
	EndGlobalSection
EndGlobal
